
Microsoft Visual Studio Solution File, Format Version 12.00
# Visual Studio Version 17
VisualStudioVersion = 17.10.35122.118
MinimumVisualStudioVersion = 10.0.40219.1
Project("{9A19103F-16F7-4668-BE54-9A1E7A4F7556}") = "CoreBot", "CoreBot.csproj", "{A2174399-D374-4D3E-873D-3A6F19197EEC}"
EndProject
Global
	GlobalSection(SolutionConfigurationPlatforms) = preSolution
		Debug|Any CPU = Debug|Any CPU
		Release|Any CPU = Release|Any CPU
	EndGlobalSection
	GlobalSection(ProjectConfigurationPlatforms) = postSolution
		{A2174399-D374-4D3E-873D-3A6F19197EEC}.Debug|Any CPU.ActiveCfg = Debug|Any CPU
		{A2174399-D374-4D3E-873D-3A6F19197EEC}.Debug|Any CPU.Build.0 = Debug|Any CPU
		{A2174399-D374-4D3E-873D-3A6F19197EEC}.Release|Any CPU.ActiveCfg = Release|Any CPU
		{A2174399-D374-4D3E-873D-3A6F19197EEC}.Release|Any CPU.Build.0 = Release|Any CPU
	EndGlobalSection
	GlobalSection(SolutionProperties) = preSolution
		HideSolutionNode = FALSE
	EndGlobalSection
	GlobalSection(ExtensibilityGlobals) = postSolution
		SolutionGuid = {D000A2EF-C54D-4501-B283-B3396F3B3342}
	EndGlobalSection
EndGlobal
